
Microsoft Visual Studio Solution File, Format Version 12.00
# Visual Studio Version 17
VisualStudioVersion = 17.1.32328.378
MinimumVisualStudioVersion = 10.0.40219.1
Project("{8BC9CEB8-8B4A-11D0-8D11-00A0C91BC942}") = "Algolab7", "Algolab7.vcxproj", "{44E5181E-E484-4354-A2E1-2825CA889A62}"
EndProject
Global
	GlobalSection(SolutionConfigurationPlatforms) = preSolution
		Debug|x64 = Debug|x64
		Debug|x86 = Debug|x86
		Release|x64 = Release|x64
		Release|x86 = Release|x86
	EndGlobalSection
	GlobalSection(ProjectConfigurationPlatforms) = postSolution
		{44E5181E-E484-4354-A2E1-2825CA889A62}.Debug|x64.ActiveCfg = Debug|x64
		{44E5181E-E484-4354-A2E1-2825CA889A62}.Debug|x64.Build.0 = Debug|x64
		{44E5181E-E484-4354-A2E1-2825CA889A62}.Debug|x86.ActiveCfg = Debug|Win32
		{44E5181E-E484-4354-A2E1-2825CA889A62}.Debug|x86.Build.0 = Debug|Win32
		{44E5181E-E484-4354-A2E1-2825CA889A62}.Release|x64.ActiveCfg = Release|x64
		{44E5181E-E484-4354-A2E1-2825CA889A62}.Release|x64.Build.0 = Release|x64
		{44E5181E-E484-4354-A2E1-2825CA889A62}.Release|x86.ActiveCfg = Release|Win32
		{44E5181E-E484-4354-A2E1-2825CA889A62}.Release|x86.Build.0 = Release|Win32
	EndGlobalSection
	GlobalSection(SolutionProperties) = preSolution
		HideSolutionNode = FALSE
	EndGlobalSection
	GlobalSection(ExtensibilityGlobals) = postSolution
		SolutionGuid = {4DA0BAD7-1092-4719-9A42-A34BA15C39CC}
	EndGlobalSection
EndGlobal
